// !$*UTF8*$!
{
	archiveVersion = 1;
	classes = {
	};
	objectVersion = 55;
	objects = {

/* Begin PBXBuildFile section */
		693FDE872A641C53006FF2EE /* RealityFoundation.framework in Frameworks */ = {isa = PBXBuildFile; fileRef = 693FDE862A641C53006FF2EE /* RealityFoundation.framework */; };
		693FDE892A6420FD006FF2EE /* RealityKit.framework in Frameworks */ = {isa = PBXBuildFile; fileRef = 693FDE882A6420FD006FF2EE /* RealityKit.framework */; };
		693FDE8B2A642161006FF2EE /* Metal.framework in Frameworks */ = {isa = PBXBuildFile; fileRef = 693FDE8A2A642161006FF2EE /* Metal.framework */; };
		693FDE932A64219B006FF2EE /* libswiftMetal.tbd in Frameworks */ = {isa = PBXBuildFile; fileRef = 693FDE922A64218E006FF2EE /* libswiftMetal.tbd */; };
		693FDE942A6421A1006FF2EE /* libswiftMetalKit.tbd in Frameworks */ = {isa = PBXBuildFile; fileRef = 693FDE902A64218E006FF2EE /* libswiftMetalKit.tbd */; };
		6998215327C1297B00A6ED71 /* photogra_methodApp.swift in Sources */ = {isa = PBXBuildFile; fileRef = 6998215227C1297B00A6ED71 /* photogra_methodApp.swift */; };
		6998215527C1297B00A6ED71 /* ContentView.swift in Sources */ = {isa = PBXBuildFile; fileRef = 6998215427C1297B00A6ED71 /* ContentView.swift */; };
		6998215727C1297C00A6ED71 /* Assets.xcassets in Resources */ = {isa = PBXBuildFile; fileRef = 6998215627C1297C00A6ED71 /* Assets.xcassets */; };
		6998215A27C1297C00A6ED71 /* Preview Assets.xcassets in Resources */ = {isa = PBXBuildFile; fileRef = 6998215927C1297C00A6ED71 /* Preview Assets.xcassets */; };
/* End PBXBuildFile section */

/* Begin PBXFileReference section */
		693FDE862A641C53006FF2EE /* RealityFoundation.framework */ = {isa = PBXFileReference; lastKnownFileType = wrapper.framework; name = RealityFoundation.framework; path = System/Library/Frameworks/RealityFoundation.framework; sourceTree = SDKROOT; };
		693FDE882A6420FD006FF2EE /* RealityKit.framework */ = {isa = PBXFileReference; lastKnownFileType = wrapper.framework; name = RealityKit.framework; path = System/Library/Frameworks/RealityKit.framework; sourceTree = SDKROOT; };
		693FDE8A2A642161006FF2EE /* Metal.framework */ = {isa = PBXFileReference; lastKnownFileType = wrapper.framework; name = Metal.framework; path = System/Library/Frameworks/Metal.framework; sourceTree = SDKROOT; };
		693FDE8D2A64218E006FF2EE /* MetalKit.framework */ = {isa = PBXFileReference; lastKnownFileType = wrapper.framework; name = MetalKit.framework; path = System/Library/Frameworks/MetalKit.framework; sourceTree = SDKROOT; };
		693FDE8E2A64218E006FF2EE /* MetalPerformanceShaders.framework */ = {isa = PBXFileReference; lastKnownFileType = wrapper.framework; name = MetalPerformanceShaders.framework; path = System/Library/Frameworks/MetalPerformanceShaders.framework; sourceTree = SDKROOT; };
		693FDE8F2A64218E006FF2EE /* MetalPerformanceShadersGraph.framework */ = {isa = PBXFileReference; lastKnownFileType = wrapper.framework; name = MetalPerformanceShadersGraph.framework; path = System/Library/Frameworks/MetalPerformanceShadersGraph.framework; sourceTree = SDKROOT; };
		693FDE902A64218E006FF2EE /* libswiftMetalKit.tbd */ = {isa = PBXFileReference; lastKnownFileType = "sourcecode.text-based-dylib-definition"; name = libswiftMetalKit.tbd; path = usr/lib/swift/libswiftMetalKit.tbd; sourceTree = SDKROOT; };
		693FDE912A64218E006FF2EE /* MetalFX.framework */ = {isa = PBXFileReference; lastKnownFileType = wrapper.framework; name = MetalFX.framework; path = System/Library/Frameworks/MetalFX.framework; sourceTree = SDKROOT; };
		693FDE922A64218E006FF2EE /* libswiftMetal.tbd */ = {isa = PBXFileReference; lastKnownFileType = "sourcecode.text-based-dylib-definition"; name = libswiftMetal.tbd; path = usr/lib/swift/libswiftMetal.tbd; sourceTree = SDKROOT; };
		6998214F27C1297B00A6ED71 /* photogra-method.app */ = {isa = PBXFileReference; explicitFileType = wrapper.application; includeInIndex = 0; path = "photogra-method.app"; sourceTree = BUILT_PRODUCTS_DIR; };
		6998215227C1297B00A6ED71 /* photogra_methodApp.swift */ = {isa = PBXFileReference; lastKnownFileType = sourcecode.swift; path = photogra_methodApp.swift; sourceTree = "<group>"; };
		6998215427C1297B00A6ED71 /* ContentView.swift */ = {isa = PBXFileReference; lastKnownFileType = sourcecode.swift; path = ContentView.swift; sourceTree = "<group>"; };
		6998215627C1297C00A6ED71 /* Assets.xcassets */ = {isa = PBXFileReference; lastKnownFileType = folder.assetcatalog; path = Assets.xcassets; sourceTree = "<group>"; };
		6998215927C1297C00A6ED71 /* Preview Assets.xcassets */ = {isa = PBXFileReference; lastKnownFileType = folder.assetcatalog; path = "Preview Assets.xcassets"; sourceTree = "<group>"; };
		6998215B27C1297C00A6ED71 /* photogra_method.entitlements */ = {isa = PBXFileReference; lastKnownFileType = text.plist.entitlements; path = photogra_method.entitlements; sourceTree = "<group>"; };
/* End PBXFileReference section */

/* Begin PBXFrameworksBuildPhase section */
		6998214C27C1297B00A6ED71 /* Frameworks */ = {
			isa = PBXFrameworksBuildPhase;
			buildActionMask = 2147483647;
			files = (
				693FDE892A6420FD006FF2EE /* RealityKit.framework in Frameworks */,
				693FDE932A64219B006FF2EE /* libswiftMetal.tbd in Frameworks */,
				693FDE8B2A642161006FF2EE /* Metal.framework in Frameworks */,
				693FDE872A641C53006FF2EE /* RealityFoundation.framework in Frameworks */,
				693FDE942A6421A1006FF2EE /* libswiftMetalKit.tbd in Frameworks */,
			);
			runOnlyForDeploymentPostprocessing = 0;
		};
/* End PBXFrameworksBuildPhase section */

/* Begin PBXGroup section */
		693FDE852A641C53006FF2EE /* Frameworks */ = {
			isa = PBXGroup;
			children = (
				693FDE922A64218E006FF2EE /* libswiftMetal.tbd */,
				693FDE902A64218E006FF2EE /* libswiftMetalKit.tbd */,
				693FDE912A64218E006FF2EE /* MetalFX.framework */,
				693FDE8D2A64218E006FF2EE /* MetalKit.framework */,
				693FDE8E2A64218E006FF2EE /* MetalPerformanceShaders.framework */,
				693FDE8F2A64218E006FF2EE /* MetalPerformanceShadersGraph.framework */,
				693FDE8A2A642161006FF2EE /* Metal.framework */,
				693FDE882A6420FD006FF2EE /* RealityKit.framework */,
				693FDE862A641C53006FF2EE /* RealityFoundation.framework */,
			);
			name = Frameworks;
			sourceTree = "<group>";
		};
		6998214627C1297B00A6ED71 = {
			isa = PBXGroup;
			children = (
				6998215127C1297B00A6ED71 /* photogra-method */,
				6998215027C1297B00A6ED71 /* Products */,
				693FDE852A641C53006FF2EE /* Frameworks */,
			);
			sourceTree = "<group>";
		};
		6998215027C1297B00A6ED71 /* Products */ = {
			isa = PBXGroup;
			children = (
				6998214F27C1297B00A6ED71 /* photogra-method.app */,
			);
			name = Products;
			sourceTree = "<group>";
		};
		6998215127C1297B00A6ED71 /* photogra-method */ = {
			isa = PBXGroup;
			children = (
				6998215227C1297B00A6ED71 /* photogra_methodApp.swift */,
				6998215427C1297B00A6ED71 /* ContentView.swift */,
				6998215627C1297C00A6ED71 /* Assets.xcassets */,
				6998215B27C1297C00A6ED71 /* photogra_method.entitlements */,
				6998215827C1297C00A6ED71 /* Preview Content */,
			);
			path = "photogra-method";
			sourceTree = "<group>";
		};
		6998215827C1297C00A6ED71 /* Preview Content */ = {
			isa = PBXGroup;
			children = (
				6998215927C1297C00A6ED71 /* Preview Assets.xcassets */,
			);
			path = "Preview Content";
			sourceTree = "<group>";
		};
/* End PBXGroup section */

/* Begin PBXNativeTarget section */
		6998214E27C1297B00A6ED71 /* photogra-method */ = {
			isa = PBXNativeTarget;
			buildConfigurationList = 6998215E27C1297C00A6ED71 /* Build configuration list for PBXNativeTarget "photogra-method" */;
			buildPhases = (
				6998214B27C1297B00A6ED71 /* Sources */,
				6998214C27C1297B00A6ED71 /* Frameworks */,
				6998214D27C1297B00A6ED71 /* Resources */,
			);
			buildRules = (
			);
			dependencies = (
			);
			name = "photogra-method";
			productName = "photogra-method";
			productReference = 6998214F27C1297B00A6ED71 /* photogra-method.app */;
			productType = "com.apple.product-type.application";
		};
/* End PBXNativeTarget section */

/* Begin PBXProject section */
		6998214727C1297B00A6ED71 /* Project object */ = {
			isa = PBXProject;
			attributes = {
				BuildIndependentTargetsInParallel = 1;
				LastSwiftUpdateCheck = 1320;
				LastUpgradeCheck = 1430;
				TargetAttributes = {
					6998214E27C1297B00A6ED71 = {
						CreatedOnToolsVersion = 13.2.1;
					};
				};
			};
			buildConfigurationList = 6998214A27C1297B00A6ED71 /* Build configuration list for PBXProject "photogra-method" */;
			compatibilityVersion = "Xcode 13.0";
			developmentRegion = en;
			hasScannedForEncodings = 0;
			knownRegions = (
				en,
				Base,
			);
			mainGroup = 6998214627C1297B00A6ED71;
			productRefGroup = 6998215027C1297B00A6ED71 /* Products */;
			projectDirPath = "";
			projectRoot = "";
			targets = (
				6998214E27C1297B00A6ED71 /* photogra-method */,
			);
		};
/* End PBXProject section */

/* Begin PBXResourcesBuildPhase section */
		6998214D27C1297B00A6ED71 /* Resources */ = {
			isa = PBXResourcesBuildPhase;
			buildActionMask = 2147483647;
			files = (
				6998215A27C1297C00A6ED71 /* Preview Assets.xcassets in Resources */,
				6998215727C1297C00A6ED71 /* Assets.xcassets in Resources */,
			);
			runOnlyForDeploymentPostprocessing = 0;
		};
/* End PBXResourcesBuildPhase section */

/* Begin PBXSourcesBuildPhase section */
		6998214B27C1297B00A6ED71 /* Sources */ = {
			isa = PBXSourcesBuildPhase;
			buildActionMask = 2147483647;
			files = (
				6998215527C1297B00A6ED71 /* ContentView.swift in Sources */,
				6998215327C1297B00A6ED71 /* photogra_methodApp.swift in Sources */,
			);
			runOnlyForDeploymentPostprocessing = 0;
		};
/* End PBXSourcesBuildPhase section */

/* Begin XCBuildConfiguration section */
		6998215C27C1297C00A6ED71 /* Debug */ = {
			isa = XCBuildConfiguration;
			buildSettings = {
				ALWAYS_SEARCH_USER_PATHS = NO;
				CLANG_ANALYZER_NONNULL = YES;
				CLANG_ANALYZER_NUMBER_OBJECT_CONVERSION = YES_AGGRESSIVE;
				CLANG_CXX_LANGUAGE_STANDARD = "gnu++17";
				CLANG_CXX_LIBRARY = "libc++";
				CLANG_ENABLE_MODULES = YES;
				CLANG_ENABLE_OBJC_ARC = YES;
				CLANG_ENABLE_OBJC_WEAK = YES;
				CLANG_WARN_BLOCK_CAPTURE_AUTORELEASING = YES;
				CLANG_WARN_BOOL_CONVERSION = YES;
				CLANG_WARN_COMMA = YES;
				CLANG_WARN_CONSTANT_CONVERSION = YES;
				CLANG_WARN_DEPRECATED_OBJC_IMPLEMENTATIONS = YES;
				CLANG_WARN_DIRECT_OBJC_ISA_USAGE = YES_ERROR;
				CLANG_WARN_DOCUMENTATION_COMMENTS = YES;
				CLANG_WARN_EMPTY_BODY = YES;
				CLANG_WARN_ENUM_CONVERSION = YES;
				CLANG_WARN_INFINITE_RECURSION = YES;
				CLANG_WARN_INT_CONVERSION = YES;
				CLANG_WARN_NON_LITERAL_NULL_CONVERSION = YES;
				CLANG_WARN_OBJC_IMPLICIT_RETAIN_SELF = YES;
				CLANG_WARN_OBJC_LITERAL_CONVERSION = YES;
				CLANG_WARN_OBJC_ROOT_CLASS = YES_ERROR;
				CLANG_WARN_QUOTED_INCLUDE_IN_FRAMEWORK_HEADER = YES;
				CLANG_WARN_RANGE_LOOP_ANALYSIS = YES;
				CLANG_WARN_STRICT_PROTOTYPES = YES;
				CLANG_WARN_SUSPICIOUS_MOVE = YES;
				CLANG_WARN_UNGUARDED_AVAILABILITY = YES_AGGRESSIVE;
				CLANG_WARN_UNREACHABLE_CODE = YES;
				CLANG_WARN__DUPLICATE_METHOD_MATCH = YES;
				COPY_PHASE_STRIP = NO;
				DEAD_CODE_STRIPPING = YES;
				DEBUG_INFORMATION_FORMAT = dwarf;
				ENABLE_STRICT_OBJC_MSGSEND = YES;
				ENABLE_TESTABILITY = YES;
				GCC_C_LANGUAGE_STANDARD = gnu11;
				GCC_DYNAMIC_NO_PIC = NO;
				GCC_NO_COMMON_BLOCKS = YES;
				GCC_OPTIMIZATION_LEVEL = 0;
				GCC_PREPROCESSOR_DEFINITIONS = (
					"DEBUG=1",
					"$(inherited)",
				);
				GCC_WARN_64_TO_32_BIT_CONVERSION = YES;
				GCC_WARN_ABOUT_RETURN_TYPE = YES_ERROR;
				GCC_WARN_UNDECLARED_SELECTOR = YES;
				GCC_WARN_UNINITIALIZED_AUTOS = YES_AGGRESSIVE;
				GCC_WARN_UNUSED_FUNCTION = YES;
				GCC_WARN_UNUSED_VARIABLE = YES;
				MACOSX_DEPLOYMENT_TARGET = 12.1;
				MTL_ENABLE_DEBUG_INFO = INCLUDE_SOURCE;
				MTL_FAST_MATH = YES;
				ONLY_ACTIVE_ARCH = YES;
				SDKROOT = macosx;
				SWIFT_ACTIVE_COMPILATION_CONDITIONS = DEBUG;
				SWIFT_OPTIMIZATION_LEVEL = "-Onone";
			};
			name = Debug;
		};
		6998215D27C1297C00A6ED71 /* Release */ = {
			isa = XCBuildConfiguration;
			buildSettings = {
				ALWAYS_SEARCH_USER_PATHS = NO;
				CLANG_ANALYZER_NONNULL = YES;
				CLANG_ANALYZER_NUMBER_OBJECT_CONVERSION = YES_AGGRESSIVE;
				CLANG_CXX_LANGUAGE_STANDARD = "gnu++17";
				CLANG_CXX_LIBRARY = "libc++";
				CLANG_ENABLE_MODULES = YES;
				CLANG_ENABLE_OBJC_ARC = YES;
				CLANG_ENABLE_OBJC_WEAK = YES;
				CLANG_WARN_BLOCK_CAPTURE_AUTORELEASING = YES;
				CLANG_WARN_BOOL_CONVERSION = YES;
				CLANG_WARN_COMMA = YES;
				CLANG_WARN_CONSTANT_CONVERSION = YES;
				CLANG_WARN_DEPRECATED_OBJC_IMPLEMENTATIONS = YES;
				CLANG_WARN_DIRECT_OBJC_ISA_USAGE = YES_ERROR;
				CLANG_WARN_DOCUMENTATION_COMMENTS = YES;
				CLANG_WARN_EMPTY_BODY = YES;
				CLANG_WARN_ENUM_CONVERSION = YES;
				CLANG_WARN_INFINITE_RECURSION = YES;
				CLANG_WARN_INT_CONVERSION = YES;
				CLANG_WARN_NON_LITERAL_NULL_CONVERSION = YES;
				CLANG_WARN_OBJC_IMPLICIT_RETAIN_SELF = YES;
				CLANG_WARN_OBJC_LITERAL_CONVERSION = YES;
				CLANG_WARN_OBJC_ROOT_CLASS = YES_ERROR;
				CLANG_WARN_QUOTED_INCLUDE_IN_FRAMEWORK_HEADER = YES;
				CLANG_WARN_RANGE_LOOP_ANALYSIS = YES;
				CLANG_WARN_STRICT_PROTOTYPES = YES;
				CLANG_WARN_SUSPICIOUS_MOVE = YES;
				CLANG_WARN_UNGUARDED_AVAILABILITY = YES_AGGRESSIVE;
				CLANG_WARN_UNREACHABLE_CODE = YES;
				CLANG_WARN__DUPLICATE_METHOD_MATCH = YES;
				COPY_PHASE_STRIP = NO;
				DEAD_CODE_STRIPPING = YES;
				DEBUG_INFORMATION_FORMAT = "dwarf-with-dsym";
				ENABLE_NS_ASSERTIONS = NO;
				ENABLE_STRICT_OBJC_MSGSEND = YES;
				GCC_C_LANGUAGE_STANDARD = gnu11;
				GCC_NO_COMMON_BLOCKS = YES;
				GCC_WARN_64_TO_32_BIT_CONVERSION = YES;
				GCC_WARN_ABOUT_RETURN_TYPE = YES_ERROR;
				GCC_WARN_UNDECLARED_SELECTOR = YES;
				GCC_WARN_UNINITIALIZED_AUTOS = YES_AGGRESSIVE;
				GCC_WARN_UNUSED_FUNCTION = YES;
				GCC_WARN_UNUSED_VARIABLE = YES;
				MACOSX_DEPLOYMENT_TARGET = 12.1;
				MTL_ENABLE_DEBUG_INFO = NO;
				MTL_FAST_MATH = YES;
				SDKROOT = macosx;
				SWIFT_COMPILATION_MODE = wholemodule;
				SWIFT_OPTIMIZATION_LEVEL = "-O";
			};
			name = Release;
		};
		6998215F27C1297C00A6ED71 /* Debug */ = {
			isa = XCBuildConfiguration;
			buildSettings = {
				ASSETCATALOG_COMPILER_APPICON_NAME = AppIcon;
				ASSETCATALOG_COMPILER_GLOBAL_ACCENT_COLOR_NAME = AccentColor;
				CODE_SIGN_ENTITLEMENTS = "photogra-method/photogra_method.entitlements";
				CODE_SIGN_IDENTITY = "Apple Development";
				CODE_SIGN_STYLE = Automatic;
				COMBINE_HIDPI_IMAGES = YES;
				CURRENT_PROJECT_VERSION = 1;
				DEAD_CODE_STRIPPING = YES;
				DEVELOPMENT_ASSET_PATHS = "\"photogra-method/Preview Content\"";
				DEVELOPMENT_TEAM = A2TF2C92PA;
				ENABLE_HARDENED_RUNTIME = YES;
				ENABLE_PREVIEWS = YES;
				GENERATE_INFOPLIST_FILE = YES;
				INFOPLIST_KEY_NSHumanReadableCopyright = "";
				LD_RUNPATH_SEARCH_PATHS = (
					"$(inherited)",
					"@executable_path/../Frameworks",
				);
				LIBRARY_SEARCH_PATHS = (
					"$(inherited)",
					"$(SDKROOT)/usr/lib/swift",
				);
				MACOSX_DEPLOYMENT_TARGET = 13.3;
				MARKETING_VERSION = 1.0;
				OTHER_LDFLAGS = (
					"-weak_framework",
					RealityFoundation,
				);
				PRODUCT_BUNDLE_IDENTIFIER = "jp.jig.fukuno.photogra-method";
				PRODUCT_NAME = "$(TARGET_NAME)";
				SWIFT_EMIT_LOC_STRINGS = YES;
				SWIFT_VERSION = 5.0;
			};
			name = Debug;
		};
		6998216027C1297C00A6ED71 /* Release */ = {
			isa = XCBuildConfiguration;
			buildSettings = {
				ASSETCATALOG_COMPILER_APPICON_NAME = AppIcon;
				ASSETCATALOG_COMPILER_GLOBAL_ACCENT_COLOR_NAME = AccentColor;
				CODE_SIGN_ENTITLEMENTS = "photogra-method/photogra_method.entitlements";
				CODE_SIGN_IDENTITY = "Apple Development";
				CODE_SIGN_STYLE = Automatic;
				COMBINE_HIDPI_IMAGES = YES;
				CURRENT_PROJECT_VERSION = 1;
				DEAD_CODE_STRIPPING = YES;
				DEVELOPMENT_ASSET_PATHS = "\"photogra-method/Preview Content\"";
				DEVELOPMENT_TEAM = A2TF2C92PA;
				ENABLE_HARDENED_RUNTIME = YES;
				ENABLE_PREVIEWS = YES;
				GENERATE_INFOPLIST_FILE = YES;
				INFOPLIST_KEY_NSHumanReadableCopyright = "";
				LD_RUNPATH_SEARCH_PATHS = (
					"$(inherited)",
					"@executable_path/../Frameworks",
				);
				LIBRARY_SEARCH_PATHS = (
					"$(inherited)",
					"$(SDKROOT)/usr/lib/swift",
				);
				MACOSX_DEPLOYMENT_TARGET = 13.3;
				MARKETING_VERSION = 1.0;
				OTHER_LDFLAGS = (
					"-weak_framework",
					RealityFoundation,
				);
				PRODUCT_BUNDLE_IDENTIFIER = "jp.jig.fukuno.photogra-method";
				PRODUCT_NAME = "$(TARGET_NAME)";
				SWIFT_EMIT_LOC_STRINGS = YES;
				SWIFT_VERSION = 5.0;
			};
			name = Release;
		};
/* End XCBuildConfiguration section */

/* Begin XCConfigurationList section */
		6998214A27C1297B00A6ED71 /* Build configuration list for PBXProject "photogra-method" */ = {
			isa = XCConfigurationList;
			buildConfigurations = (
				6998215C27C1297C00A6ED71 /* Debug */,
				6998215D27C1297C00A6ED71 /* Release */,
			);
			defaultConfigurationIsVisible = 0;
			defaultConfigurationName = Release;
		};
		6998215E27C1297C00A6ED71 /* Build configuration list for PBXNativeTarget "photogra-method" */ = {
			isa = XCConfigurationList;
			buildConfigurations = (
				6998215F27C1297C00A6ED71 /* Debug */,
				6998216027C1297C00A6ED71 /* Release */,
			);
			defaultConfigurationIsVisible = 0;
			defaultConfigurationName = Release;
		};
/* End XCConfigurationList section */
	};
	rootObject = 6998214727C1297B00A6ED71 /* Project object */;
}
